
Microsoft Visual Studio Solution File, Format Version 12.00
Project("{FAE04EC0-301F-11D3-BF4B-00C04F79EFBC}") = "ShadcnBlazor", "src\ShadcnBlazor\ShadcnBlazor.csproj", "{BC034C3F-0A8F-4604-86FE-D9451B147528}"
EndProject
Project("{2150E333-8FDC-42A3-9474-1A3956D46DE8}") = "src", "src", "{5C8BF2D3-623B-4AB3-8A8B-30B120939AF3}"
EndProject
Project("{FAE04EC0-301F-11D3-BF4B-00C04F79EFBC}") = "ShadcnBlazor.Cli", "src\ShadcnBlazor.Cli\ShadcnBlazor.Cli.csproj", "{4C36CE46-47F1-429A-B767-E64DAEA20E7F}"
EndProject
Project("{FAE04EC0-301F-11D3-BF4B-00C04F79EFBC}") = "SampleBlazorProject", "tests\SampleBlazorProject\SampleBlazorProject.csproj", "{90A04495-91A8-4609-851B-43A1997DA248}"
EndProject
Project("{FAE04EC0-301F-11D3-BF4B-00C04F79EFBC}") = "ShadcnBlazor.Cli.Tests", "tests\ShadcnBlazor.Cli.Tests\ShadcnBlazor.Cli.Tests.csproj", "{B1C2D3E4-F5A6-7890-BCDE-F12345678901}"
EndProject
Project("{2150E333-8FDC-42A3-9474-1A3956D46DE8}") = "scratch", "scratch", "{50CE4EB7-879A-4EB9-8AE6-B3E00AE7B09B}"
EndProject
Project("{FAE04EC0-301F-11D3-BF4B-00C04F79EFBC}") = "ShadcnBlazor.Docs", "src\ShadcnBlazor.Docs\ShadcnBlazor.Docs.csproj", "{7E31DA8D-9694-4289-88FF-A68D7A496106}"
EndProject
Project("{FAE04EC0-301F-11D3-BF4B-00C04F79EFBC}") = "ShadcnBlazor.Docs.Compiler", "src\ShadcnBlazor.Docs.Compiler\ShadcnBlazor.Docs.Compiler.csproj", "{A1B2C3D4-E5F6-7890-ABCD-EF1234567890}"
EndProject
Project("{2150E333-8FDC-42A3-9474-1A3956D46DE8}") = "tests", "tests", "{A32FB738-CAE9-4B2A-BAD1-4CF0B09E287D}"
EndProject
Project("{2150E333-8FDC-42A3-9474-1A3956D46DE8}") = "templates", "templates", "{A27A9635-C8B8-40B4-99FE-00E93375ACD6}"
EndProject
Project("{2150E333-8FDC-42A3-9474-1A3956D46DE8}") = "net9", "net9", "{6C429CFF-EE76-4C8A-9B48-20ACB4700FDD}"
EndProject
Project("{FAE04EC0-301F-11D3-BF4B-00C04F79EFBC}") = "WasmStandalone", "templates\net9\WasmStandalone\WasmStandalone.csproj", "{6F347A89-36CF-42B1-A1F3-4540C4D26A99}"
EndProject
Project("{FAE04EC0-301F-11D3-BF4B-00C04F79EFBC}") = "ServerGlobalInteractivity", "templates\net9\ServerGlobalInteractivity\ServerGlobalInteractivity.csproj", "{7D621590-9664-4B6C-81D8-AF0F787B98DF}"
EndProject
Global
	GlobalSection(SolutionConfigurationPlatforms) = preSolution
		Debug|Any CPU = Debug|Any CPU
		Release|Any CPU = Release|Any CPU
	EndGlobalSection
	GlobalSection(ProjectConfigurationPlatforms) = postSolution
		{BC034C3F-0A8F-4604-86FE-D9451B147528}.Debug|Any CPU.ActiveCfg = Debug|Any CPU
		{BC034C3F-0A8F-4604-86FE-D9451B147528}.Debug|Any CPU.Build.0 = Debug|Any CPU
		{BC034C3F-0A8F-4604-86FE-D9451B147528}.Release|Any CPU.ActiveCfg = Release|Any CPU
		{BC034C3F-0A8F-4604-86FE-D9451B147528}.Release|Any CPU.Build.0 = Release|Any CPU
		{4C36CE46-47F1-429A-B767-E64DAEA20E7F}.Debug|Any CPU.ActiveCfg = Debug|Any CPU
		{4C36CE46-47F1-429A-B767-E64DAEA20E7F}.Debug|Any CPU.Build.0 = Debug|Any CPU
		{4C36CE46-47F1-429A-B767-E64DAEA20E7F}.Release|Any CPU.ActiveCfg = Release|Any CPU
		{4C36CE46-47F1-429A-B767-E64DAEA20E7F}.Release|Any CPU.Build.0 = Release|Any CPU
		{90A04495-91A8-4609-851B-43A1997DA248}.Debug|Any CPU.ActiveCfg = Debug|Any CPU
		{90A04495-91A8-4609-851B-43A1997DA248}.Debug|Any CPU.Build.0 = Debug|Any CPU
		{90A04495-91A8-4609-851B-43A1997DA248}.Release|Any CPU.ActiveCfg = Release|Any CPU
		{90A04495-91A8-4609-851B-43A1997DA248}.Release|Any CPU.Build.0 = Release|Any CPU
		{B1C2D3E4-F5A6-7890-BCDE-F12345678901}.Debug|Any CPU.ActiveCfg = Debug|Any CPU
		{B1C2D3E4-F5A6-7890-BCDE-F12345678901}.Debug|Any CPU.Build.0 = Debug|Any CPU
		{B1C2D3E4-F5A6-7890-BCDE-F12345678901}.Release|Any CPU.ActiveCfg = Release|Any CPU
		{B1C2D3E4-F5A6-7890-BCDE-F12345678901}.Release|Any CPU.Build.0 = Release|Any CPU
		{7E31DA8D-9694-4289-88FF-A68D7A496106}.Debug|Any CPU.ActiveCfg = Debug|Any CPU
		{7E31DA8D-9694-4289-88FF-A68D7A496106}.Debug|Any CPU.Build.0 = Debug|Any CPU
		{7E31DA8D-9694-4289-88FF-A68D7A496106}.Release|Any CPU.ActiveCfg = Release|Any CPU
		{7E31DA8D-9694-4289-88FF-A68D7A496106}.Release|Any CPU.Build.0 = Release|Any CPU
		{A1B2C3D4-E5F6-7890-ABCD-EF1234567890}.Debug|Any CPU.ActiveCfg = Debug|Any CPU
		{A1B2C3D4-E5F6-7890-ABCD-EF1234567890}.Debug|Any CPU.Build.0 = Debug|Any CPU
		{A1B2C3D4-E5F6-7890-ABCD-EF1234567890}.Release|Any CPU.ActiveCfg = Release|Any CPU
		{A1B2C3D4-E5F6-7890-ABCD-EF1234567890}.Release|Any CPU.Build.0 = Release|Any CPU
		{6F347A89-36CF-42B1-A1F3-4540C4D26A99}.Debug|Any CPU.ActiveCfg = Debug|Any CPU
		{6F347A89-36CF-42B1-A1F3-4540C4D26A99}.Debug|Any CPU.Build.0 = Debug|Any CPU
		{6F347A89-36CF-42B1-A1F3-4540C4D26A99}.Release|Any CPU.ActiveCfg = Release|Any CPU
		{6F347A89-36CF-42B1-A1F3-4540C4D26A99}.Release|Any CPU.Build.0 = Release|Any CPU
		{7D621590-9664-4B6C-81D8-AF0F787B98DF}.Debug|Any CPU.ActiveCfg = Debug|Any CPU
		{7D621590-9664-4B6C-81D8-AF0F787B98DF}.Debug|Any CPU.Build.0 = Debug|Any CPU
		{7D621590-9664-4B6C-81D8-AF0F787B98DF}.Release|Any CPU.ActiveCfg = Release|Any CPU
		{7D621590-9664-4B6C-81D8-AF0F787B98DF}.Release|Any CPU.Build.0 = Release|Any CPU
	EndGlobalSection
	GlobalSection(NestedProjects) = preSolution
		{BC034C3F-0A8F-4604-86FE-D9451B147528} = {5C8BF2D3-623B-4AB3-8A8B-30B120939AF3}
		{4C36CE46-47F1-429A-B767-E64DAEA20E7F} = {5C8BF2D3-623B-4AB3-8A8B-30B120939AF3}
		{90A04495-91A8-4609-851B-43A1997DA248} = {50CE4EB7-879A-4EB9-8AE6-B3E00AE7B09B}
		{7E31DA8D-9694-4289-88FF-A68D7A496106} = {5C8BF2D3-623B-4AB3-8A8B-30B120939AF3}
		{A1B2C3D4-E5F6-7890-ABCD-EF1234567890} = {5C8BF2D3-623B-4AB3-8A8B-30B120939AF3}
		{B1C2D3E4-F5A6-7890-BCDE-F12345678901} = {A32FB738-CAE9-4B2A-BAD1-4CF0B09E287D}
		{6C429CFF-EE76-4C8A-9B48-20ACB4700FDD} = {A27A9635-C8B8-40B4-99FE-00E93375ACD6}
		{6F347A89-36CF-42B1-A1F3-4540C4D26A99} = {6C429CFF-EE76-4C8A-9B48-20ACB4700FDD}
		{7D621590-9664-4B6C-81D8-AF0F787B98DF} = {6C429CFF-EE76-4C8A-9B48-20ACB4700FDD}
	EndGlobalSection
EndGlobal
