
Microsoft Visual Studio Solution File, Format Version 12.00
Project("{FAE04EC0-301F-11D3-BF4B-00C04F79EFBC}") = "ShadcnBlazor", "src\ShadcnBlazor\ShadcnBlazor.csproj", "{BC034C3F-0A8F-4604-86FE-D9451B147528}"
EndProject
Project("{2150E333-8FDC-42A3-9474-1A3956D46DE8}") = "src", "src", "{5C8BF2D3-623B-4AB3-8A8B-30B120939AF3}"
EndProject
Project("{FAE04EC0-301F-11D3-BF4B-00C04F79EFBC}") = "ShadcnBlazor.Cli", "src\ShadcnBlazor.Cli\ShadcnBlazor.Cli.csproj", "{4C36CE46-47F1-429A-B767-E64DAEA20E7F}"
EndProject
Project("{FAE04EC0-301F-11D3-BF4B-00C04F79EFBC}") = "SampleBlazorProject", "tests\SampleBlazorProject\SampleBlazorProject.csproj", "{90A04495-91A8-4609-851B-43A1997DA248}"
EndProject
Project("{2150E333-8FDC-42A3-9474-1A3956D46DE8}") = "scratch", "scratch", "{50CE4EB7-879A-4EB9-8AE6-B3E00AE7B09B}"
EndProject
Global
	GlobalSection(SolutionConfigurationPlatforms) = preSolution
		Debug|Any CPU = Debug|Any CPU
		Release|Any CPU = Release|Any CPU
	EndGlobalSection
	GlobalSection(ProjectConfigurationPlatforms) = postSolution
		{BC034C3F-0A8F-4604-86FE-D9451B147528}.Debug|Any CPU.ActiveCfg = Debug|Any CPU
		{BC034C3F-0A8F-4604-86FE-D9451B147528}.Debug|Any CPU.Build.0 = Debug|Any CPU
		{BC034C3F-0A8F-4604-86FE-D9451B147528}.Release|Any CPU.ActiveCfg = Release|Any CPU
		{BC034C3F-0A8F-4604-86FE-D9451B147528}.Release|Any CPU.Build.0 = Release|Any CPU
		{4C36CE46-47F1-429A-B767-E64DAEA20E7F}.Debug|Any CPU.ActiveCfg = Debug|Any CPU
		{4C36CE46-47F1-429A-B767-E64DAEA20E7F}.Debug|Any CPU.Build.0 = Debug|Any CPU
		{4C36CE46-47F1-429A-B767-E64DAEA20E7F}.Release|Any CPU.ActiveCfg = Release|Any CPU
		{4C36CE46-47F1-429A-B767-E64DAEA20E7F}.Release|Any CPU.Build.0 = Release|Any CPU
		{90A04495-91A8-4609-851B-43A1997DA248}.Debug|Any CPU.ActiveCfg = Debug|Any CPU
		{90A04495-91A8-4609-851B-43A1997DA248}.Debug|Any CPU.Build.0 = Debug|Any CPU
		{90A04495-91A8-4609-851B-43A1997DA248}.Release|Any CPU.ActiveCfg = Release|Any CPU
		{90A04495-91A8-4609-851B-43A1997DA248}.Release|Any CPU.Build.0 = Release|Any CPU
	EndGlobalSection
	GlobalSection(NestedProjects) = preSolution
		{BC034C3F-0A8F-4604-86FE-D9451B147528} = {5C8BF2D3-623B-4AB3-8A8B-30B120939AF3}
		{4C36CE46-47F1-429A-B767-E64DAEA20E7F} = {5C8BF2D3-623B-4AB3-8A8B-30B120939AF3}
		{90A04495-91A8-4609-851B-43A1997DA248} = {50CE4EB7-879A-4EB9-8AE6-B3E00AE7B09B}
	EndGlobalSection
EndGlobal
