{
  "version": 1,
  "dependencies": {
    "net9.0": {
      "Microsoft.AspNetCore.Components": {
        "type": "Direct",
        "requested": "[9.0.6, )",
        "resolved": "9.0.6",
        "contentHash": "4WzUBnpxqm0Gvv3XX47h5g09LN4dtQpJjYW2LAfoaVeho5TLM00uDj2YHzjxQwcRTdrG7tZDCyf4V4wwRpjGcA==",
        "dependencies": {
          "Microsoft.AspNetCore.Authorization": "9.0.6",
          "Microsoft.AspNetCore.Components.Analyzers": "9.0.6"
        }
      },
      "EasyAppDev.Blazor.Icons.Lucide": {
        "type": "Transitive",
        "resolved": "2.0.4",
        "contentHash": "tjUl5VI+26OZZfUqUv4A/8F0tFxvmaO2PcgciH6YMfdpSyAq4MYtrAUnT0VVozwQ6nnfF3mnMzZnmKSPnSQnpg==",
        "dependencies": {
          "Microsoft.AspNetCore.Components.Web": "9.0.5"
        }
      },
      "Microsoft.AspNetCore.Authorization": {
        "type": "Transitive",
        "resolved": "9.0.6",
        "contentHash": "FG/fHZAg2J9NKt+y2BH+fMjc+TqA7wlri/3PNtoSgvclMlr5iPshDLXHQgvS9l7IUzzfkqQ3/DWPYuA4OJu75A==",
        "dependencies": {
          "Microsoft.AspNetCore.Metadata": "9.0.6",
          "Microsoft.Extensions.Logging.Abstractions": "9.0.6",
          "Microsoft.Extensions.Options": "9.0.6"
        }
      },
      "Microsoft.AspNetCore.Components.Analyzers": {
        "type": "Transitive",
        "resolved": "9.0.6",
        "contentHash": "UXMjbezwMMoL21L20OB1BLGF9M1BFPzdWiezaiZSBG55z36BEXvs8hetKw7PiuytOdUqWFI1wkPd3MD9jpeKAw=="
      },
      "Microsoft.AspNetCore.Components.Forms": {
        "type": "Transitive",
        "resolved": "9.0.6",
        "contentHash": "GHdFdrU+9ePkuE7S2g7iu+Lg8FPBY9qGaK+FPSBHNx8ulEdrOHJhufb1FZH/m++NoJgcikOzJ14+eL96HfBr8g==",
        "dependencies": {
          "Microsoft.AspNetCore.Components": "9.0.6"
        }
      },
      "Microsoft.AspNetCore.Components.Web": {
        "type": "Transitive",
        "resolved": "9.0.6",
        "contentHash": "c+2B1DdgAOKXt+mMcZgeQPbdoW0Ro+783m+yPK/QQHhjV8cbkPBWXg6OMJC2Vzum5tfAC3coNhlmcLUUBwc3ZQ==",
        "dependencies": {
          "Microsoft.AspNetCore.Components": "9.0.6",
          "Microsoft.AspNetCore.Components.Forms": "9.0.6",
          "Microsoft.Extensions.DependencyInjection": "9.0.6",
          "Microsoft.Extensions.Primitives": "9.0.6",
          "Microsoft.JSInterop": "9.0.6"
        }
      },
      "Microsoft.AspNetCore.Metadata": {
        "type": "Transitive",
        "resolved": "9.0.6",
        "contentHash": "SZAmFKGsQPP/xyDir96J5UNTAdCsfeCpPwFO9EewIcgQ8gUr3KHmn4CTC2HmHIDdiTujGC2T3VBcSxmrY+3n/g=="
      },
      "Microsoft.Extensions.DependencyInjection": {
        "type": "Transitive",
        "resolved": "9.0.6",
        "contentHash": "vS65HMo5RS10DD543fknsyVDxihMcVxVn3/hNaILgBxWYnOLxWIeCIO9X0QFuCvPRNjClvXe9Aj8KaQNx7vFkQ==",
        "dependencies": {
          "Microsoft.Extensions.DependencyInjection.Abstractions": "9.0.6"
        }
      },
      "Microsoft.Extensions.DependencyInjection.Abstractions": {
        "type": "Transitive",
        "resolved": "9.0.6",
        "contentHash": "0Zn6nR/6g+90MxskZyOOMPQvnPnrrGu6bytPwkV+azDcTtCSuQ1+GJUrg8Klmnrjk1i6zMpw2lXijl+tw7Q3kA=="
      },
      "Microsoft.Extensions.Logging.Abstractions": {
        "type": "Transitive",
        "resolved": "9.0.6",
        "contentHash": "LFnyBNK7WtFmKdnHu3v0HOYQ8BcjYuy0jdC9pgCJ/rbLKoJEG9/dBzSKMEeeWDbDeoWS0TIxOC8a9CM5ufca3A==",
        "dependencies": {
          "Microsoft.Extensions.DependencyInjection.Abstractions": "9.0.6"
        }
      },
      "Microsoft.Extensions.Options": {
        "type": "Transitive",
        "resolved": "9.0.6",
        "contentHash": "wUPhNM1zsI58Dy10xRdF2+pnsisiUuETg5ZBncyAEEUm/CQ9Q1vmivyUWH8RDbAlqyixf2dJNQ2XZb7HsKUEQw==",
        "dependencies": {
          "Microsoft.Extensions.DependencyInjection.Abstractions": "9.0.6",
          "Microsoft.Extensions.Primitives": "9.0.6"
        }
      },
      "Microsoft.Extensions.Primitives": {
        "type": "Transitive",
        "resolved": "9.0.6",
        "contentHash": "BHniU24QV67qp1pJknqYSofAPYGmijGI8D+ci9yfw33iuFdyOeB9lWTg78ThyYLyQwZw3s0vZ36VMb0MqbUuLw=="
      },
      "Microsoft.JSInterop": {
        "type": "Transitive",
        "resolved": "9.0.6",
        "contentHash": "IS9tI2pnpeoX+d4CO4FuTsm+6uymanPGSpBhHefTfMNIwBUvwLIcXch4su0QEW4MSslYdDJ9yzz2+OuIUuI5lw=="
      },
      "Planetarium.LruCacheNet": {
        "type": "Transitive",
        "resolved": "1.2.0",
        "contentHash": "WE2eblbDjsOoJhOBA+Jiwk/c+xrbFTRu+KaUOhhRWklCyScWSGCFS3gNmuc7zjjdJPSjotGAoKjAJIkHsXPXxQ=="
      },
      "TailwindMerge.NET": {
        "type": "Transitive",
        "resolved": "1.2.0",
        "contentHash": "GMzbiadYFBDM40dANXRh7bm6VoWODyZKhc59uvnDtaDLp/NsjsWYqEd/PEfDO5zOx/pBnj4zuSGTb0X1KEYnbA==",
        "dependencies": {
          "Microsoft.Extensions.Options": "9.0.2",
          "Planetarium.LruCacheNet": "1.2.0"
        }
      },
      "shadcnblazor": {
        "type": "Project",
        "dependencies": {
          "EasyAppDev.Blazor.Icons.Lucide": "[2.0.4, )",
          "Microsoft.AspNetCore.Components.Web": "[9.0.6, )",
          "TailwindMerge.NET": "[1.2.0, )"
        }
      }
    }
  }
}